<?xml version="1.0" encoding="utf-8"?>
<Project ToolsVersion="4.0" xmlns="http://schemas.microsoft.com/developer/msbuild/2003">
  <ItemGroup>
    <Filter Include="소스 파일">
      <UniqueIdentifier>{4FC737F1-C7A5-4376-A066-2A32D752A2FF}</UniqueIdentifier>
      <Extensions>cpp;c;cc;cxx;def;odl;idl;hpj;bat;asm;asmx</Extensions>
    </Filter>
    <Filter Include="헤더 파일">
      <UniqueIdentifier>{93995380-89BD-4b04-88EB-625FBE52EBFB}</UniqueIdentifier>
      <Extensions>h;hh;hpp;hxx;hm;inl;inc;xsd</Extensions>
    </Filter>
    <Filter Include="리소스 파일">
      <UniqueIdentifier>{67DA6AB6-F800-4c08-8B7A-83BB121AAD01}</UniqueIdentifier>
      <Extensions>rc;ico;cur;bmp;dlg;rc2;rct;bin;rgs;gif;jpg;jpeg;jpe;resx;tiff;tif;png;wav;mfcribbon-ms</Extensions>
    </Filter>
  </ItemGroup>
  <ItemGroup>
    <ClCompile Include="1095.c">
      <Filter>소스 파일</Filter>
    </ClCompile>
    <ClCompile Include="1403.c">
      <Filter>소스 파일</Filter>
    </ClCompile>
    <ClCompile Include="1407.c">
      <Filter>소스 파일</Filter>
    </ClCompile>
    <ClCompile Include="1094.c">
      <Filter>소스 파일</Filter>
    </ClCompile>
    <ClCompile Include="1093.c">
      <Filter>소스 파일</Filter>
    </ClCompile>
    <ClCompile Include="1295.c">
      <Filter>소스 파일</Filter>
    </ClCompile>
    <ClCompile Include="1294.c">
      <Filter>소스 파일</Filter>
    </ClCompile>
    <ClCompile Include="1409.c">
      <Filter>소스 파일</Filter>
    </ClCompile>
    <ClCompile Include="1285.c">
      <Filter>소스 파일</Filter>
    </ClCompile>
    <ClCompile Include="1286.c">
      <Filter>소스 파일</Filter>
    </ClCompile>
    <ClCompile Include="1287.c">
      <Filter>소스 파일</Filter>
    </ClCompile>
    <ClCompile Include="1405.c">
      <Filter>소스 파일</Filter>
    </ClCompile>
    <ClCompile Include="1410.c">
      <Filter>소스 파일</Filter>
    </ClCompile>
    <ClCompile Include="1411.c">
      <Filter>소스 파일</Filter>
    </ClCompile>
    <ClCompile Include="1412.c">
      <Filter>소스 파일</Filter>
    </ClCompile>
    <ClCompile Include="1416.c">
      <Filter>소스 파일</Filter>
    </ClCompile>
    <ClCompile Include="1420.c">
      <Filter>소스 파일</Filter>
    </ClCompile>
    <ClCompile Include="1284.c">
      <Filter>소스 파일</Filter>
    </ClCompile>
    <ClCompile Include="1002.c">
      <Filter>소스 파일</Filter>
    </ClCompile>
    <ClCompile Include="1003.c">
      <Filter>소스 파일</Filter>
    </ClCompile>
    <ClCompile Include="1004.c">
      <Filter>소스 파일</Filter>
    </ClCompile>
    <ClCompile Include="1005.c">
      <Filter>소스 파일</Filter>
    </ClCompile>
    <ClCompile Include="1006.c">
      <Filter>소스 파일</Filter>
    </ClCompile>
    <ClCompile Include="1007.c">
      <Filter>소스 파일</Filter>
    </ClCompile>
    <ClCompile Include="1010.c">
      <Filter>소스 파일</Filter>
    </ClCompile>
    <ClCompile Include="1011.c">
      <Filter>소스 파일</Filter>
    </ClCompile>
    <ClCompile Include="1012.c">
      <Filter>소스 파일</Filter>
    </ClCompile>
    <ClCompile Include="1013.c">
      <Filter>소스 파일</Filter>
    </ClCompile>
    <ClCompile Include="1014.c">
      <Filter>소스 파일</Filter>
    </ClCompile>
    <ClCompile Include="1015.c">
      <Filter>소스 파일</Filter>
    </ClCompile>
    <ClCompile Include="1017.c">
      <Filter>소스 파일</Filter>
    </ClCompile>
    <ClCompile Include="1018.c">
      <Filter>소스 파일</Filter>
    </ClCompile>
    <ClCompile Include="1019.c">
      <Filter>소스 파일</Filter>
    </ClCompile>
    <ClCompile Include="1020.c">
      <Filter>소스 파일</Filter>
    </ClCompile>
    <ClCompile Include="1021.c">
      <Filter>소스 파일</Filter>
    </ClCompile>
    <ClCompile Include="1022.c">
      <Filter>소스 파일</Filter>
    </ClCompile>
    <ClCompile Include="1023.c">
      <Filter>소스 파일</Filter>
    </ClCompile>
    <ClCompile Include="1089.c">
      <Filter>소스 파일</Filter>
    </ClCompile>
    <ClCompile Include="1090.c">
      <Filter>소스 파일</Filter>
    </ClCompile>
    <ClCompile Include="1091.c">
      <Filter>소스 파일</Filter>
    </ClCompile>
    <ClCompile Include="1092.c">
      <Filter>소스 파일</Filter>
    </ClCompile>
    <ClCompile Include="1110.c">
      <Filter>소스 파일</Filter>
    </ClCompile>
    <ClCompile Include="1111.c">
      <Filter>소스 파일</Filter>
    </ClCompile>
    <ClCompile Include="1112.c">
      <Filter>소스 파일</Filter>
    </ClCompile>
    <ClCompile Include="1113.c">
      <Filter>소스 파일</Filter>
    </ClCompile>
    <ClCompile Include="1114.c">
      <Filter>소스 파일</Filter>
    </ClCompile>
    <ClCompile Include="1115.c">
      <Filter>소스 파일</Filter>
    </ClCompile>
    <ClCompile Include="1116.c">
      <Filter>소스 파일</Filter>
    </ClCompile>
    <ClCompile Include="1117.c">
      <Filter>소스 파일</Filter>
    </ClCompile>
    <ClCompile Include="1118.c">
      <Filter>소스 파일</Filter>
    </ClCompile>
    <ClCompile Include="1119.c">
      <Filter>소스 파일</Filter>
    </ClCompile>
    <ClCompile Include="1120.c">
      <Filter>소스 파일</Filter>
    </ClCompile>
    <ClCompile Include="1121.c">
      <Filter>소스 파일</Filter>
    </ClCompile>
    <ClCompile Include="1122.c">
      <Filter>소스 파일</Filter>
    </ClCompile>
    <ClCompile Include="1123.c">
      <Filter>소스 파일</Filter>
    </ClCompile>
    <ClCompile Include="1125.c">
      <Filter>소스 파일</Filter>
    </ClCompile>
    <ClCompile Include="1131.c">
      <Filter>소스 파일</Filter>
    </ClCompile>
    <ClCompile Include="1132.c">
      <Filter>소스 파일</Filter>
    </ClCompile>
    <ClCompile Include="1133.c">
      <Filter>소스 파일</Filter>
    </ClCompile>
    <ClCompile Include="1135.c">
      <Filter>소스 파일</Filter>
    </ClCompile>
    <ClCompile Include="1136.c">
      <Filter>소스 파일</Filter>
    </ClCompile>
    <ClCompile Include="1137.c">
      <Filter>소스 파일</Filter>
    </ClCompile>
    <ClCompile Include="1138.c">
      <Filter>소스 파일</Filter>
    </ClCompile>
    <ClCompile Include="1139.c">
      <Filter>소스 파일</Filter>
    </ClCompile>
    <ClCompile Include="1140.c">
      <Filter>소스 파일</Filter>
    </ClCompile>
    <ClCompile Include="1143.c">
      <Filter>소스 파일</Filter>
    </ClCompile>
    <ClCompile Include="1144.c">
      <Filter>소스 파일</Filter>
    </ClCompile>
    <ClCompile Include="1147.c">
      <Filter>소스 파일</Filter>
    </ClCompile>
    <ClCompile Include="1148.c">
      <Filter>소스 파일</Filter>
    </ClCompile>
    <ClCompile Include="1149.c">
      <Filter>소스 파일</Filter>
    </ClCompile>
    <ClCompile Include="1150.c">
      <Filter>소스 파일</Filter>
    </ClCompile>
    <ClCompile Include="1180.c">
      <Filter>소스 파일</Filter>
    </ClCompile>
    <ClCompile Include="1201.c">
      <Filter>소스 파일</Filter>
    </ClCompile>
    <ClCompile Include="1202.c">
      <Filter>소스 파일</Filter>
    </ClCompile>
    <ClCompile Include="1203.c">
      <Filter>소스 파일</Filter>
    </ClCompile>
    <ClCompile Include="1204.c">
      <Filter>소스 파일</Filter>
    </ClCompile>
    <ClCompile Include="1205.c">
      <Filter>소스 파일</Filter>
    </ClCompile>
    <ClCompile Include="1206.c">
      <Filter>소스 파일</Filter>
    </ClCompile>
    <ClCompile Include="1207.c">
      <Filter>소스 파일</Filter>
    </ClCompile>
    <ClCompile Include="1210.c">
      <Filter>소스 파일</Filter>
    </ClCompile>
    <ClCompile Include="1212.c">
      <Filter>소스 파일</Filter>
    </ClCompile>
    <ClCompile Include="1214.c">
      <Filter>소스 파일</Filter>
    </ClCompile>
    <ClCompile Include="1216.c">
      <Filter>소스 파일</Filter>
    </ClCompile>
    <ClCompile Include="1218.c">
      <Filter>소스 파일</Filter>
    </ClCompile>
    <ClCompile Include="1222.c">
      <Filter>소스 파일</Filter>
    </ClCompile>
    <ClCompile Include="1224.c">
      <Filter>소스 파일</Filter>
    </ClCompile>
    <ClCompile Include="1226.c">
      <Filter>소스 파일</Filter>
    </ClCompile>
    <ClCompile Include="1230.c">
      <Filter>소스 파일</Filter>
    </ClCompile>
    <ClCompile Include="1231.c">
      <Filter>소스 파일</Filter>
    </ClCompile>
    <ClCompile Include="1251.c">
      <Filter>소스 파일</Filter>
    </ClCompile>
    <ClCompile Include="1252.c">
      <Filter>소스 파일</Filter>
    </ClCompile>
    <ClCompile Include="1253.c">
      <Filter>소스 파일</Filter>
    </ClCompile>
    <ClCompile Include="1254.c">
      <Filter>소스 파일</Filter>
    </ClCompile>
    <ClCompile Include="1255.c">
      <Filter>소스 파일</Filter>
    </ClCompile>
    <ClCompile Include="1256.c">
      <Filter>소스 파일</Filter>
    </ClCompile>
    <ClCompile Include="1257.c">
      <Filter>소스 파일</Filter>
    </ClCompile>
    <ClCompile Include="1260.c">
      <Filter>소스 파일</Filter>
    </ClCompile>
    <ClCompile Include="1261.c">
      <Filter>소스 파일</Filter>
    </ClCompile>
    <ClCompile Include="1265.c">
      <Filter>소스 파일</Filter>
    </ClCompile>
    <ClCompile Include="1266.c">
      <Filter>소스 파일</Filter>
    </ClCompile>
    <ClCompile Include="1267.c">
      <Filter>소스 파일</Filter>
    </ClCompile>
    <ClCompile Include="1268.c">
      <Filter>소스 파일</Filter>
    </ClCompile>
    <ClCompile Include="1269.c">
      <Filter>소스 파일</Filter>
    </ClCompile>
    <ClCompile Include="1270.c">
      <Filter>소스 파일</Filter>
    </ClCompile>
    <ClCompile Include="1271.c">
      <Filter>소스 파일</Filter>
    </ClCompile>
    <ClCompile Include="1272.c">
      <Filter>소스 파일</Filter>
    </ClCompile>
    <ClCompile Include="1273.c">
      <Filter>소스 파일</Filter>
    </ClCompile>
    <ClCompile Include="1274.c">
      <Filter>소스 파일</Filter>
    </ClCompile>
    <ClCompile Include="1275.c">
      <Filter>소스 파일</Filter>
    </ClCompile>
    <ClCompile Include="1276.c">
      <Filter>소스 파일</Filter>
    </ClCompile>
    <ClCompile Include="1277.c">
      <Filter>소스 파일</Filter>
    </ClCompile>
    <ClCompile Include="1278.c">
      <Filter>소스 파일</Filter>
    </ClCompile>
    <ClCompile Include="1279.c">
      <Filter>소스 파일</Filter>
    </ClCompile>
    <ClCompile Include="1280.c">
      <Filter>소스 파일</Filter>
    </ClCompile>
    <ClCompile Include="1281.c">
      <Filter>소스 파일</Filter>
    </ClCompile>
    <ClCompile Include="1282.c">
      <Filter>소스 파일</Filter>
    </ClCompile>
    <ClCompile Include="1283.c">
      <Filter>소스 파일</Filter>
    </ClCompile>
    <ClCompile Include="1351.c">
      <Filter>소스 파일</Filter>
    </ClCompile>
    <ClCompile Include="1352.c">
      <Filter>소스 파일</Filter>
    </ClCompile>
    <ClCompile Include="1353.c">
      <Filter>소스 파일</Filter>
    </ClCompile>
    <ClCompile Include="1354.c">
      <Filter>소스 파일</Filter>
    </ClCompile>
    <ClCompile Include="1355.c">
      <Filter>소스 파일</Filter>
    </ClCompile>
    <ClCompile Include="1356.c">
      <Filter>소스 파일</Filter>
    </ClCompile>
    <ClCompile Include="1357.c">
      <Filter>소스 파일</Filter>
    </ClCompile>
    <ClCompile Include="1358.c">
      <Filter>소스 파일</Filter>
    </ClCompile>
    <ClCompile Include="1361.c">
      <Filter>소스 파일</Filter>
    </ClCompile>
    <ClCompile Include="1365.c">
      <Filter>소스 파일</Filter>
    </ClCompile>
    <ClCompile Include="1366.c">
      <Filter>소스 파일</Filter>
    </ClCompile>
    <ClCompile Include="1367.c">
      <Filter>소스 파일</Filter>
    </ClCompile>
    <ClCompile Include="1368.c">
      <Filter>소스 파일</Filter>
    </ClCompile>
    <ClCompile Include="1369.c">
      <Filter>소스 파일</Filter>
    </ClCompile>
    <ClCompile Include="1370.c">
      <Filter>소스 파일</Filter>
    </ClCompile>
    <ClCompile Include="1371.c">
      <Filter>소스 파일</Filter>
    </ClCompile>
    <ClCompile Include="1378.c">
      <Filter>소스 파일</Filter>
    </ClCompile>
    <ClCompile Include="1380.c">
      <Filter>소스 파일</Filter>
    </ClCompile>
    <ClCompile Include="1382.c">
      <Filter>소스 파일</Filter>
    </ClCompile>
    <ClCompile Include="1675.c">
      <Filter>소스 파일</Filter>
    </ClCompile>
    <ClCompile Include="1677.c">
      <Filter>소스 파일</Filter>
    </ClCompile>
    <ClCompile Include="1001.c">
      <Filter>소스 파일</Filter>
    </ClCompile>
    <ClCompile Include="1024.c">
      <Filter>소스 파일</Filter>
    </ClCompile>
    <ClCompile Include="1025.c">
      <Filter>소스 파일</Filter>
    </ClCompile>
    <ClCompile Include="1026.c">
      <Filter>소스 파일</Filter>
    </ClCompile>
    <ClCompile Include="1027.c">
      <Filter>소스 파일</Filter>
    </ClCompile>
    <ClCompile Include="1028.c">
      <Filter>소스 파일</Filter>
    </ClCompile>
    <ClCompile Include="1029.c">
      <Filter>소스 파일</Filter>
    </ClCompile>
    <ClCompile Include="1030.c">
      <Filter>소스 파일</Filter>
    </ClCompile>
    <ClCompile Include="1031.c">
      <Filter>소스 파일</Filter>
    </ClCompile>
    <ClCompile Include="1032.c">
      <Filter>소스 파일</Filter>
    </ClCompile>
    <ClCompile Include="1033.c">
      <Filter>소스 파일</Filter>
    </ClCompile>
    <ClCompile Include="1034.c">
      <Filter>소스 파일</Filter>
    </ClCompile>
    <ClCompile Include="1035.c">
      <Filter>소스 파일</Filter>
    </ClCompile>
    <ClCompile Include="1036.c">
      <Filter>소스 파일</Filter>
    </ClCompile>
    <ClCompile Include="1037.c">
      <Filter>소스 파일</Filter>
    </ClCompile>
    <ClCompile Include="1038.c">
      <Filter>소스 파일</Filter>
    </ClCompile>
    <ClCompile Include="1039.c">
      <Filter>소스 파일</Filter>
    </ClCompile>
    <ClCompile Include="1040.c">
      <Filter>소스 파일</Filter>
    </ClCompile>
    <ClCompile Include="1041.c">
      <Filter>소스 파일</Filter>
    </ClCompile>
    <ClCompile Include="1042.c">
      <Filter>소스 파일</Filter>
    </ClCompile>
    <ClCompile Include="1043.c">
      <Filter>소스 파일</Filter>
    </ClCompile>
    <ClCompile Include="1044.c">
      <Filter>소스 파일</Filter>
    </ClCompile>
    <ClCompile Include="1045.c">
      <Filter>소스 파일</Filter>
    </ClCompile>
    <ClCompile Include="1046.c">
      <Filter>소스 파일</Filter>
    </ClCompile>
    <ClCompile Include="1047.c">
      <Filter>소스 파일</Filter>
    </ClCompile>
    <ClCompile Include="1048.c">
      <Filter>소스 파일</Filter>
    </ClCompile>
    <ClCompile Include="1049.c">
      <Filter>소스 파일</Filter>
    </ClCompile>
    <ClCompile Include="1050.c">
      <Filter>소스 파일</Filter>
    </ClCompile>
    <ClCompile Include="1051.c">
      <Filter>소스 파일</Filter>
    </ClCompile>
    <ClCompile Include="1052.c">
      <Filter>소스 파일</Filter>
    </ClCompile>
    <ClCompile Include="1053.c">
      <Filter>소스 파일</Filter>
    </ClCompile>
    <ClCompile Include="1054.c">
      <Filter>소스 파일</Filter>
    </ClCompile>
    <ClCompile Include="1055.c">
      <Filter>소스 파일</Filter>
    </ClCompile>
    <ClCompile Include="1056.c">
      <Filter>소스 파일</Filter>
    </ClCompile>
    <ClCompile Include="1057.c">
      <Filter>소스 파일</Filter>
    </ClCompile>
    <ClCompile Include="1058.c">
      <Filter>소스 파일</Filter>
    </ClCompile>
    <ClCompile Include="1059.c">
      <Filter>소스 파일</Filter>
    </ClCompile>
    <ClCompile Include="1060.c">
      <Filter>소스 파일</Filter>
    </ClCompile>
    <ClCompile Include="1061.c">
      <Filter>소스 파일</Filter>
    </ClCompile>
    <ClCompile Include="1062.c">
      <Filter>소스 파일</Filter>
    </ClCompile>
    <ClCompile Include="1063.c">
      <Filter>소스 파일</Filter>
    </ClCompile>
    <ClCompile Include="1064.c">
      <Filter>소스 파일</Filter>
    </ClCompile>
    <ClCompile Include="1065.c">
      <Filter>소스 파일</Filter>
    </ClCompile>
    <ClCompile Include="1066.c">
      <Filter>소스 파일</Filter>
    </ClCompile>
    <ClCompile Include="1067.c">
      <Filter>소스 파일</Filter>
    </ClCompile>
    <ClCompile Include="1068.c">
      <Filter>소스 파일</Filter>
    </ClCompile>
    <ClCompile Include="1069.c">
      <Filter>소스 파일</Filter>
    </ClCompile>
    <ClCompile Include="1070.c">
      <Filter>소스 파일</Filter>
    </ClCompile>
    <ClCompile Include="1071.c">
      <Filter>소스 파일</Filter>
    </ClCompile>
    <ClCompile Include="1072.c">
      <Filter>소스 파일</Filter>
    </ClCompile>
    <ClCompile Include="1073.c">
      <Filter>소스 파일</Filter>
    </ClCompile>
    <ClCompile Include="1074.c">
      <Filter>소스 파일</Filter>
    </ClCompile>
    <ClCompile Include="1075.c">
      <Filter>소스 파일</Filter>
    </ClCompile>
    <ClCompile Include="1076.c">
      <Filter>소스 파일</Filter>
    </ClCompile>
    <ClCompile Include="1077.c">
      <Filter>소스 파일</Filter>
    </ClCompile>
    <ClCompile Include="1078.c">
      <Filter>소스 파일</Filter>
    </ClCompile>
    <ClCompile Include="1079.c">
      <Filter>소스 파일</Filter>
    </ClCompile>
    <ClCompile Include="1080.c">
      <Filter>소스 파일</Filter>
    </ClCompile>
    <ClCompile Include="1081.c">
      <Filter>소스 파일</Filter>
    </ClCompile>
    <ClCompile Include="1082.c">
      <Filter>소스 파일</Filter>
    </ClCompile>
    <ClCompile Include="1083.c">
      <Filter>소스 파일</Filter>
    </ClCompile>
    <ClCompile Include="1084.c">
      <Filter>소스 파일</Filter>
    </ClCompile>
    <ClCompile Include="1085.c">
      <Filter>소스 파일</Filter>
    </ClCompile>
    <ClCompile Include="1086.c">
      <Filter>소스 파일</Filter>
    </ClCompile>
    <ClCompile Include="1087.c">
      <Filter>소스 파일</Filter>
    </ClCompile>
    <ClCompile Include="1088.c">
      <Filter>소스 파일</Filter>
    </ClCompile>
    <ClCompile Include="1101.c">
      <Filter>소스 파일</Filter>
    </ClCompile>
    <ClCompile Include="1102.c">
      <Filter>소스 파일</Filter>
    </ClCompile>
    <ClCompile Include="1103.c">
      <Filter>소스 파일</Filter>
    </ClCompile>
    <ClCompile Include="1105.c">
      <Filter>소스 파일</Filter>
    </ClCompile>
    <ClCompile Include="1106.c">
      <Filter>소스 파일</Filter>
    </ClCompile>
    <ClCompile Include="1151.c">
      <Filter>소스 파일</Filter>
    </ClCompile>
    <ClCompile Include="1152.c">
      <Filter>소스 파일</Filter>
    </ClCompile>
    <ClCompile Include="1153.c">
      <Filter>소스 파일</Filter>
    </ClCompile>
    <ClCompile Include="1154.c">
      <Filter>소스 파일</Filter>
    </ClCompile>
    <ClCompile Include="1155.c">
      <Filter>소스 파일</Filter>
    </ClCompile>
    <ClCompile Include="1156.c">
      <Filter>소스 파일</Filter>
    </ClCompile>
    <ClCompile Include="1157.c">
      <Filter>소스 파일</Filter>
    </ClCompile>
    <ClCompile Include="1158.c">
      <Filter>소스 파일</Filter>
    </ClCompile>
    <ClCompile Include="1159.c">
      <Filter>소스 파일</Filter>
    </ClCompile>
    <ClCompile Include="1160.c">
      <Filter>소스 파일</Filter>
    </ClCompile>
    <ClCompile Include="1161.c">
      <Filter>소스 파일</Filter>
    </ClCompile>
    <ClCompile Include="1162.c">
      <Filter>소스 파일</Filter>
    </ClCompile>
    <ClCompile Include="1163.c">
      <Filter>소스 파일</Filter>
    </ClCompile>
    <ClCompile Include="1164.c">
      <Filter>소스 파일</Filter>
    </ClCompile>
    <ClCompile Include="1165.c">
      <Filter>소스 파일</Filter>
    </ClCompile>
    <ClCompile Include="1166.c">
      <Filter>소스 파일</Filter>
    </ClCompile>
    <ClCompile Include="1167.c">
      <Filter>소스 파일</Filter>
    </ClCompile>
    <ClCompile Include="1168.c">
      <Filter>소스 파일</Filter>
    </ClCompile>
    <ClCompile Include="1169.c">
      <Filter>소스 파일</Filter>
    </ClCompile>
    <ClCompile Include="1170.c">
      <Filter>소스 파일</Filter>
    </ClCompile>
    <ClCompile Include="1171.c">
      <Filter>소스 파일</Filter>
    </ClCompile>
    <ClCompile Include="1172.c">
      <Filter>소스 파일</Filter>
    </ClCompile>
    <ClCompile Include="1173.c">
      <Filter>소스 파일</Filter>
    </ClCompile>
    <ClCompile Include="1228.c">
      <Filter>소스 파일</Filter>
    </ClCompile>
    <ClCompile Include="1229.c">
      <Filter>소스 파일</Filter>
    </ClCompile>
    <ClCompile Include="1258.c">
      <Filter>소스 파일</Filter>
    </ClCompile>
    <ClCompile Include="1259.c">
      <Filter>소스 파일</Filter>
    </ClCompile>
    <ClCompile Include="1425.c">
      <Filter>소스 파일</Filter>
    </ClCompile>
    <ClCompile Include="1430.c">
      <Filter>소스 파일</Filter>
    </ClCompile>
    <ClCompile Include="1365_2.c">
      <Filter>소스 파일</Filter>
    </ClCompile>
    <ClCompile Include="1440.c">
      <Filter>소스 파일</Filter>
    </ClCompile>
    <ClCompile Include="1096.c">
      <Filter>소스 파일</Filter>
    </ClCompile>
    <ClCompile Include="1430_2.c">
      <Filter>소스 파일</Filter>
    </ClCompile>
    <ClCompile Include="1097.c">
      <Filter>소스 파일</Filter>
    </ClCompile>
  </ItemGroup>
</Project>