<?xml version="1.0" encoding="utf-8"?>
<Project ToolsVersion="4.0" xmlns="http://schemas.microsoft.com/developer/msbuild/2003">
  <ItemGroup>
    <Filter Include="소스 파일">
      <UniqueIdentifier>{4FC737F1-C7A5-4376-A066-2A32D752A2FF}</UniqueIdentifier>
      <Extensions>cpp;c;cc;cxx;def;odl;idl;hpj;bat;asm;asmx</Extensions>
    </Filter>
    <Filter Include="헤더 파일">
      <UniqueIdentifier>{93995380-89BD-4b04-88EB-625FBE52EBFB}</UniqueIdentifier>
      <Extensions>h;hh;hpp;hxx;hm;inl;inc;xsd</Extensions>
    </Filter>
    <Filter Include="리소스 파일">
      <UniqueIdentifier>{67DA6AB6-F800-4c08-8B7A-83BB121AAD01}</UniqueIdentifier>
      <Extensions>rc;ico;cur;bmp;dlg;rc2;rct;bin;rgs;gif;jpg;jpeg;jpe;resx;tiff;tif;png;wav;mfcribbon-ms</Extensions>
    </Filter>
  </ItemGroup>
  <ItemGroup>
    <ClCompile Include="1095.c">
      <Filter>소스 파일</Filter>
    </ClCompile>
    <ClCompile Include="1403.c">
      <Filter>소스 파일</Filter>
    </ClCompile>
    <ClCompile Include="1407.c">
      <Filter>소스 파일</Filter>
    </ClCompile>
    <ClCompile Include="1094.c">
      <Filter>소스 파일</Filter>
    </ClCompile>
    <ClCompile Include="1093.c">
      <Filter>소스 파일</Filter>
    </ClCompile>
    <ClCompile Include="1295.c">
      <Filter>소스 파일</Filter>
    </ClCompile>
    <ClCompile Include="1294.c">
      <Filter>소스 파일</Filter>
    </ClCompile>
    <ClCompile Include="1409.c">
      <Filter>소스 파일</Filter>
    </ClCompile>
    <ClCompile Include="1285.c">
      <Filter>소스 파일</Filter>
    </ClCompile>
    <ClCompile Include="1286.c">
      <Filter>소스 파일</Filter>
    </ClCompile>
    <ClCompile Include="1287.c">
      <Filter>소스 파일</Filter>
    </ClCompile>
    <ClCompile Include="1405.c">
      <Filter>소스 파일</Filter>
    </ClCompile>
    <ClCompile Include="1410.c">
      <Filter>소스 파일</Filter>
    </ClCompile>
    <ClCompile Include="..\..\..\Users\user\Desktop\1001.c">
      <Filter>소스 파일</Filter>
    </ClCompile>
    <ClCompile Include="..\..\..\Users\user\Downloads\1002.c">
      <Filter>소스 파일</Filter>
    </ClCompile>
    <ClCompile Include="..\..\..\Users\user\Downloads\1003.c">
      <Filter>소스 파일</Filter>
    </ClCompile>
    <ClCompile Include="..\..\..\Users\user\Downloads\1004.c">
      <Filter>소스 파일</Filter>
    </ClCompile>
    <ClCompile Include="..\..\..\Users\user\Downloads\1005.c">
      <Filter>소스 파일</Filter>
    </ClCompile>
    <ClCompile Include="..\..\..\Users\user\Downloads\1006.c">
      <Filter>소스 파일</Filter>
    </ClCompile>
    <ClCompile Include="..\..\..\Users\user\Downloads\1007.c">
      <Filter>소스 파일</Filter>
    </ClCompile>
    <ClCompile Include="..\..\..\Users\user\Downloads\1010.c">
      <Filter>소스 파일</Filter>
    </ClCompile>
    <ClCompile Include="..\..\..\Users\user\Downloads\1011.c">
      <Filter>소스 파일</Filter>
    </ClCompile>
    <ClCompile Include="..\..\..\Users\user\Downloads\1012.c">
      <Filter>소스 파일</Filter>
    </ClCompile>
    <ClCompile Include="..\..\..\Users\user\Downloads\1013.c">
      <Filter>소스 파일</Filter>
    </ClCompile>
    <ClCompile Include="..\..\..\Users\user\Downloads\1014.c">
      <Filter>소스 파일</Filter>
    </ClCompile>
    <ClCompile Include="..\..\..\Users\user\Downloads\1015.c">
      <Filter>소스 파일</Filter>
    </ClCompile>
    <ClCompile Include="..\..\..\Users\user\Downloads\1017.c">
      <Filter>소스 파일</Filter>
    </ClCompile>
    <ClCompile Include="..\..\..\Users\user\Downloads\1018.c">
      <Filter>소스 파일</Filter>
    </ClCompile>
    <ClCompile Include="..\..\..\Users\user\Downloads\1019.c">
      <Filter>소스 파일</Filter>
    </ClCompile>
    <ClCompile Include="..\..\..\Users\user\Downloads\1020.c">
      <Filter>소스 파일</Filter>
    </ClCompile>
    <ClCompile Include="..\..\..\Users\user\Downloads\1021.c">
      <Filter>소스 파일</Filter>
    </ClCompile>
    <ClCompile Include="..\..\..\Users\user\Downloads\1022.c">
      <Filter>소스 파일</Filter>
    </ClCompile>
    <ClCompile Include="..\..\..\Users\user\Downloads\1023.c">
      <Filter>소스 파일</Filter>
    </ClCompile>
    <ClCompile Include="..\..\..\Users\user\Downloads\1116.c">
      <Filter>소스 파일</Filter>
    </ClCompile>
    <ClCompile Include="..\..\..\Users\user\Downloads\1122.c">
      <Filter>소스 파일</Filter>
    </ClCompile>
    <ClCompile Include="..\..\..\Users\user\Downloads\1279.c">
      <Filter>소스 파일</Filter>
    </ClCompile>
    <ClCompile Include="..\..\..\Users\user\Downloads\1280.c">
      <Filter>소스 파일</Filter>
    </ClCompile>
    <ClCompile Include="..\..\..\Users\user\Downloads\1281.c">
      <Filter>소스 파일</Filter>
    </ClCompile>
    <ClCompile Include="..\..\..\Users\user\Downloads\1282.c">
      <Filter>소스 파일</Filter>
    </ClCompile>
    <ClCompile Include="..\..\..\Users\user\Downloads\1283.c">
      <Filter>소스 파일</Filter>
    </ClCompile>
    <ClCompile Include="..\..\..\Users\user\Downloads\1675.c">
      <Filter>소스 파일</Filter>
    </ClCompile>
    <ClCompile Include="..\..\..\Users\user\Downloads\1089.c">
      <Filter>소스 파일</Filter>
    </ClCompile>
    <ClCompile Include="..\..\..\Users\user\Downloads\1090.c">
      <Filter>소스 파일</Filter>
    </ClCompile>
    <ClCompile Include="..\..\..\Users\user\Downloads\1091.c">
      <Filter>소스 파일</Filter>
    </ClCompile>
    <ClCompile Include="..\..\..\Users\user\Downloads\1092.c">
      <Filter>소스 파일</Filter>
    </ClCompile>
    <ClCompile Include="..\..\..\Users\user\Downloads\1110.c">
      <Filter>소스 파일</Filter>
    </ClCompile>
    <ClCompile Include="..\..\..\Users\user\Downloads\1111.c">
      <Filter>소스 파일</Filter>
    </ClCompile>
    <ClCompile Include="..\..\..\Users\user\Downloads\1112.c">
      <Filter>소스 파일</Filter>
    </ClCompile>
    <ClCompile Include="..\..\..\Users\user\Downloads\1113.c">
      <Filter>소스 파일</Filter>
    </ClCompile>
    <ClCompile Include="..\..\..\Users\user\Downloads\1114.c">
      <Filter>소스 파일</Filter>
    </ClCompile>
    <ClCompile Include="..\..\..\Users\user\Downloads\1115.c">
      <Filter>소스 파일</Filter>
    </ClCompile>
    <ClCompile Include="..\..\..\Users\user\Downloads\1117.c">
      <Filter>소스 파일</Filter>
    </ClCompile>
    <ClCompile Include="..\..\..\Users\user\Downloads\1118.c">
      <Filter>소스 파일</Filter>
    </ClCompile>
    <ClCompile Include="..\..\..\Users\user\Downloads\1119.c">
      <Filter>소스 파일</Filter>
    </ClCompile>
    <ClCompile Include="..\..\..\Users\user\Downloads\1120.c">
      <Filter>소스 파일</Filter>
    </ClCompile>
    <ClCompile Include="..\..\..\Users\user\Downloads\1121.c">
      <Filter>소스 파일</Filter>
    </ClCompile>
    <ClCompile Include="..\..\..\Users\user\Downloads\1123.c">
      <Filter>소스 파일</Filter>
    </ClCompile>
    <ClCompile Include="..\..\..\Users\user\Downloads\1125.c">
      <Filter>소스 파일</Filter>
    </ClCompile>
    <ClCompile Include="..\..\..\Users\user\Downloads\1131.c">
      <Filter>소스 파일</Filter>
    </ClCompile>
    <ClCompile Include="..\..\..\Users\user\Downloads\1132.c">
      <Filter>소스 파일</Filter>
    </ClCompile>
    <ClCompile Include="..\..\..\Users\user\Downloads\1133.c">
      <Filter>소스 파일</Filter>
    </ClCompile>
    <ClCompile Include="..\..\..\Users\user\Downloads\1135.c">
      <Filter>소스 파일</Filter>
    </ClCompile>
    <ClCompile Include="..\..\..\Users\user\Downloads\1136.c">
      <Filter>소스 파일</Filter>
    </ClCompile>
    <ClCompile Include="..\..\..\Users\user\Downloads\1137.c">
      <Filter>소스 파일</Filter>
    </ClCompile>
    <ClCompile Include="..\..\..\Users\user\Downloads\1138.c">
      <Filter>소스 파일</Filter>
    </ClCompile>
    <ClCompile Include="..\..\..\Users\user\Downloads\1139.c">
      <Filter>소스 파일</Filter>
    </ClCompile>
    <ClCompile Include="..\..\..\Users\user\Downloads\1140.c">
      <Filter>소스 파일</Filter>
    </ClCompile>
    <ClCompile Include="..\..\..\Users\user\Downloads\1143.c">
      <Filter>소스 파일</Filter>
    </ClCompile>
    <ClCompile Include="..\..\..\Users\user\Downloads\1144.c">
      <Filter>소스 파일</Filter>
    </ClCompile>
    <ClCompile Include="..\..\..\Users\user\Downloads\1147.c">
      <Filter>소스 파일</Filter>
    </ClCompile>
    <ClCompile Include="..\..\..\Users\user\Downloads\1148.c">
      <Filter>소스 파일</Filter>
    </ClCompile>
    <ClCompile Include="..\..\..\Users\user\Downloads\1149.c">
      <Filter>소스 파일</Filter>
    </ClCompile>
    <ClCompile Include="..\..\..\Users\user\Downloads\1150.c">
      <Filter>소스 파일</Filter>
    </ClCompile>
    <ClCompile Include="..\..\..\Users\user\Downloads\1180.c">
      <Filter>소스 파일</Filter>
    </ClCompile>
    <ClCompile Include="..\..\..\Users\user\Downloads\1201.c">
      <Filter>소스 파일</Filter>
    </ClCompile>
    <ClCompile Include="..\..\..\Users\user\Downloads\1202.c">
      <Filter>소스 파일</Filter>
    </ClCompile>
    <ClCompile Include="..\..\..\Users\user\Downloads\1203.c">
      <Filter>소스 파일</Filter>
    </ClCompile>
    <ClCompile Include="..\..\..\Users\user\Downloads\1204.c">
      <Filter>소스 파일</Filter>
    </ClCompile>
    <ClCompile Include="..\..\..\Users\user\Downloads\1205.c">
      <Filter>소스 파일</Filter>
    </ClCompile>
    <ClCompile Include="..\..\..\Users\user\Downloads\1206.c">
      <Filter>소스 파일</Filter>
    </ClCompile>
    <ClCompile Include="..\..\..\Users\user\Downloads\1207.c">
      <Filter>소스 파일</Filter>
    </ClCompile>
    <ClCompile Include="..\..\..\Users\user\Downloads\1210.c">
      <Filter>소스 파일</Filter>
    </ClCompile>
    <ClCompile Include="..\..\..\Users\user\Downloads\1212.c">
      <Filter>소스 파일</Filter>
    </ClCompile>
    <ClCompile Include="..\..\..\Users\user\Downloads\1214.c">
      <Filter>소스 파일</Filter>
    </ClCompile>
    <ClCompile Include="..\..\..\Users\user\Downloads\1216.c">
      <Filter>소스 파일</Filter>
    </ClCompile>
    <ClCompile Include="..\..\..\Users\user\Downloads\1218.c">
      <Filter>소스 파일</Filter>
    </ClCompile>
    <ClCompile Include="..\..\..\Users\user\Downloads\1222.c">
      <Filter>소스 파일</Filter>
    </ClCompile>
    <ClCompile Include="..\..\..\Users\user\Downloads\1224.c">
      <Filter>소스 파일</Filter>
    </ClCompile>
    <ClCompile Include="..\..\..\Users\user\Downloads\1226.c">
      <Filter>소스 파일</Filter>
    </ClCompile>
    <ClCompile Include="..\..\..\Users\user\Downloads\1230.c">
      <Filter>소스 파일</Filter>
    </ClCompile>
    <ClCompile Include="..\..\..\Users\user\Downloads\1231.c">
      <Filter>소스 파일</Filter>
    </ClCompile>
    <ClCompile Include="..\..\..\Users\user\Downloads\1251.c">
      <Filter>소스 파일</Filter>
    </ClCompile>
    <ClCompile Include="..\..\..\Users\user\Downloads\1252.c">
      <Filter>소스 파일</Filter>
    </ClCompile>
    <ClCompile Include="..\..\..\Users\user\Downloads\1253.c">
      <Filter>소스 파일</Filter>
    </ClCompile>
    <ClCompile Include="..\..\..\Users\user\Downloads\1254.c">
      <Filter>소스 파일</Filter>
    </ClCompile>
    <ClCompile Include="..\..\..\Users\user\Downloads\1255.c">
      <Filter>소스 파일</Filter>
    </ClCompile>
    <ClCompile Include="..\..\..\Users\user\Downloads\1256.c">
      <Filter>소스 파일</Filter>
    </ClCompile>
    <ClCompile Include="..\..\..\Users\user\Downloads\1257.c">
      <Filter>소스 파일</Filter>
    </ClCompile>
    <ClCompile Include="..\..\..\Users\user\Downloads\1260.c">
      <Filter>소스 파일</Filter>
    </ClCompile>
    <ClCompile Include="..\..\..\Users\user\Downloads\1261.c">
      <Filter>소스 파일</Filter>
    </ClCompile>
    <ClCompile Include="..\..\..\Users\user\Downloads\1265.c">
      <Filter>소스 파일</Filter>
    </ClCompile>
    <ClCompile Include="..\..\..\Users\user\Downloads\1266.c">
      <Filter>소스 파일</Filter>
    </ClCompile>
    <ClCompile Include="..\..\..\Users\user\Downloads\1267.c">
      <Filter>소스 파일</Filter>
    </ClCompile>
    <ClCompile Include="..\..\..\Users\user\Downloads\1268.c">
      <Filter>소스 파일</Filter>
    </ClCompile>
    <ClCompile Include="..\..\..\Users\user\Downloads\1269.c">
      <Filter>소스 파일</Filter>
    </ClCompile>
    <ClCompile Include="..\..\..\Users\user\Downloads\1270.c">
      <Filter>소스 파일</Filter>
    </ClCompile>
    <ClCompile Include="..\..\..\Users\user\Downloads\1271.c">
      <Filter>소스 파일</Filter>
    </ClCompile>
    <ClCompile Include="..\..\..\Users\user\Downloads\1272.c">
      <Filter>소스 파일</Filter>
    </ClCompile>
    <ClCompile Include="..\..\..\Users\user\Downloads\1273.c">
      <Filter>소스 파일</Filter>
    </ClCompile>
    <ClCompile Include="..\..\..\Users\user\Downloads\1274.c">
      <Filter>소스 파일</Filter>
    </ClCompile>
    <ClCompile Include="..\..\..\Users\user\Downloads\1275.c">
      <Filter>소스 파일</Filter>
    </ClCompile>
    <ClCompile Include="..\..\..\Users\user\Downloads\1276.c">
      <Filter>소스 파일</Filter>
    </ClCompile>
    <ClCompile Include="..\..\..\Users\user\Downloads\1277.c">
      <Filter>소스 파일</Filter>
    </ClCompile>
    <ClCompile Include="..\..\..\Users\user\Downloads\1278.c">
      <Filter>소스 파일</Filter>
    </ClCompile>
    <ClCompile Include="..\..\..\Users\user\Downloads\1351.c">
      <Filter>소스 파일</Filter>
    </ClCompile>
    <ClCompile Include="..\..\..\Users\user\Downloads\1352.c">
      <Filter>소스 파일</Filter>
    </ClCompile>
    <ClCompile Include="..\..\..\Users\user\Downloads\1353.c">
      <Filter>소스 파일</Filter>
    </ClCompile>
    <ClCompile Include="..\..\..\Users\user\Downloads\1354.c">
      <Filter>소스 파일</Filter>
    </ClCompile>
    <ClCompile Include="..\..\..\Users\user\Downloads\1355.c">
      <Filter>소스 파일</Filter>
    </ClCompile>
    <ClCompile Include="..\..\..\Users\user\Downloads\1356.c">
      <Filter>소스 파일</Filter>
    </ClCompile>
    <ClCompile Include="..\..\..\Users\user\Downloads\1357.c">
      <Filter>소스 파일</Filter>
    </ClCompile>
    <ClCompile Include="..\..\..\Users\user\Downloads\1358.c">
      <Filter>소스 파일</Filter>
    </ClCompile>
    <ClCompile Include="..\..\..\Users\user\Downloads\1361.c">
      <Filter>소스 파일</Filter>
    </ClCompile>
    <ClCompile Include="..\..\..\Users\user\Downloads\1365.c">
      <Filter>소스 파일</Filter>
    </ClCompile>
    <ClCompile Include="..\..\..\Users\user\Downloads\1366.c">
      <Filter>소스 파일</Filter>
    </ClCompile>
    <ClCompile Include="..\..\..\Users\user\Downloads\1367.c">
      <Filter>소스 파일</Filter>
    </ClCompile>
    <ClCompile Include="..\..\..\Users\user\Downloads\1368.c">
      <Filter>소스 파일</Filter>
    </ClCompile>
    <ClCompile Include="..\..\..\Users\user\Downloads\1369.c">
      <Filter>소스 파일</Filter>
    </ClCompile>
    <ClCompile Include="..\..\..\Users\user\Downloads\1370.c">
      <Filter>소스 파일</Filter>
    </ClCompile>
    <ClCompile Include="..\..\..\Users\user\Downloads\1371.c">
      <Filter>소스 파일</Filter>
    </ClCompile>
    <ClCompile Include="..\..\..\Users\user\Downloads\1378.c">
      <Filter>소스 파일</Filter>
    </ClCompile>
    <ClCompile Include="..\..\..\Users\user\Downloads\1380.c">
      <Filter>소스 파일</Filter>
    </ClCompile>
    <ClCompile Include="..\..\..\Users\user\Downloads\1382.c">
      <Filter>소스 파일</Filter>
    </ClCompile>
    <ClCompile Include="..\..\..\Users\user\Downloads\1677.c">
      <Filter>소스 파일</Filter>
    </ClCompile>
    <ClCompile Include="1411.c">
      <Filter>소스 파일</Filter>
    </ClCompile>
    <ClCompile Include="1412.c">
      <Filter>소스 파일</Filter>
    </ClCompile>
    <ClCompile Include="1416.c">
      <Filter>소스 파일</Filter>
    </ClCompile>
    <ClCompile Include="1420.cpp">
      <Filter>소스 파일</Filter>
    </ClCompile>
  </ItemGroup>
</Project>